
Microsoft Visual Studio Solution File, Format Version 12.00
# Visual Studio Version 17
VisualStudioVersion = 17.8.34330.188
MinimumVisualStudioVersion = 10.0.40219.1
Project("{9A19103F-16F7-4668-BE54-9A1E7A4F7556}") = "CSharpAlgorithm", "CSharpAlgorithm\CSharpAlgorithm.csproj", "{7F86FDCA-DD61-46DD-8EF3-01E949CFADF6}"
EndProject
Project("{9A19103F-16F7-4668-BE54-9A1E7A4F7556}") = "01.List", "01.List\01.List.csproj", "{18E734FA-3D64-4AFC-A3F3-9EE3B1AF395C}"
EndProject
Project("{FAE04EC0-301F-11D3-BF4B-00C04F79EFBC}") = "01-1. List A+과제", "01-1. List A+과제\01-1. List A+과제.csproj", "{F5C916F1-4FB1-40DC-87F3-9E50D6E7B8BA}"
EndProject
Project("{FAE04EC0-301F-11D3-BF4B-00C04F79EFBC}") = "02. Linked List", "02. Linked List\02. Linked List.csproj", "{D2522FB6-632B-4D78-9272-C7AC72820D39}"
EndProject
Project("{FAE04EC0-301F-11D3-BF4B-00C04F79EFBC}") = "02-1 Linked List 요세푸스 순열 문제", "02-1 Linked List 요세푸스 순열 문제\02-1 Linked List 요세푸스 순열 문제.csproj", "{9156F907-01FA-4AAF-846C-8F80FA6FC9C1}"
EndProject
Project("{FAE04EC0-301F-11D3-BF4B-00C04F79EFBC}") = "02-2. Linked List BalloonPop", "02-2. Linked List BalloonPop\02-2. Linked List BalloonPop.csproj", "{AB65A757-0924-487C-AFC8-1C6DEBD4E6CE}"
EndProject
Project("{FAE04EC0-301F-11D3-BF4B-00C04F79EFBC}") = "03-2 괄호 검사기", "03-2 괄호 검사기\03-2 괄호 검사기.csproj", "{02D18717-CE8B-4BDA-ACF9-CFDD9BBE8BD2}"
EndProject
Project("{FAE04EC0-301F-11D3-BF4B-00C04F79EFBC}") = "03-3. 작업 프로세스", "03-3. 작업 프로세스\03-3. 작업 프로세스.csproj", "{2E55BBF4-F1C1-43D9-9A98-DC18555E2E68}"
EndProject
Project("{FAE04EC0-301F-11D3-BF4B-00C04F79EFBC}") = "07-1. Hash Table A+ 과제", "07-1. Hash Table A+ 과제\07-1. Hash Table A+ 과제.csproj", "{2B28E3C9-6204-436E-B457-10346F33B1D6}"
EndProject
Project("{FAE04EC0-301F-11D3-BF4B-00C04F79EFBC}") = "09.Sorting", "09.Sorting\09.Sorting.csproj", "{527FAABE-579D-48C9-823A-0A89026B3DA0}"
EndProject
Project("{FAE04EC0-301F-11D3-BF4B-00C04F79EFBC}") = "10. Graph", "10. Graph\10. Graph.csproj", "{342BCCC7-CACA-4FC5-A0C7-92720F8080A7}"
EndProject
Project("{FAE04EC0-301F-11D3-BF4B-00C04F79EFBC}") = "10. 그래프 인접행렬 표현", "10. 그래프 인접행렬 표현\10. 그래프 인접행렬 표현.csproj", "{C6F0D5BC-2572-4553-B5D3-1B0701311746}"
EndProject
Global
	GlobalSection(SolutionConfigurationPlatforms) = preSolution
		Debug|Any CPU = Debug|Any CPU
		Release|Any CPU = Release|Any CPU
	EndGlobalSection
	GlobalSection(ProjectConfigurationPlatforms) = postSolution
		{7F86FDCA-DD61-46DD-8EF3-01E949CFADF6}.Debug|Any CPU.ActiveCfg = Debug|Any CPU
		{7F86FDCA-DD61-46DD-8EF3-01E949CFADF6}.Debug|Any CPU.Build.0 = Debug|Any CPU
		{7F86FDCA-DD61-46DD-8EF3-01E949CFADF6}.Release|Any CPU.ActiveCfg = Release|Any CPU
		{7F86FDCA-DD61-46DD-8EF3-01E949CFADF6}.Release|Any CPU.Build.0 = Release|Any CPU
		{18E734FA-3D64-4AFC-A3F3-9EE3B1AF395C}.Debug|Any CPU.ActiveCfg = Debug|Any CPU
		{18E734FA-3D64-4AFC-A3F3-9EE3B1AF395C}.Debug|Any CPU.Build.0 = Debug|Any CPU
		{18E734FA-3D64-4AFC-A3F3-9EE3B1AF395C}.Release|Any CPU.ActiveCfg = Release|Any CPU
		{18E734FA-3D64-4AFC-A3F3-9EE3B1AF395C}.Release|Any CPU.Build.0 = Release|Any CPU
		{F5C916F1-4FB1-40DC-87F3-9E50D6E7B8BA}.Debug|Any CPU.ActiveCfg = Debug|Any CPU
		{F5C916F1-4FB1-40DC-87F3-9E50D6E7B8BA}.Debug|Any CPU.Build.0 = Debug|Any CPU
		{F5C916F1-4FB1-40DC-87F3-9E50D6E7B8BA}.Release|Any CPU.ActiveCfg = Release|Any CPU
		{F5C916F1-4FB1-40DC-87F3-9E50D6E7B8BA}.Release|Any CPU.Build.0 = Release|Any CPU
		{D2522FB6-632B-4D78-9272-C7AC72820D39}.Debug|Any CPU.ActiveCfg = Debug|Any CPU
		{D2522FB6-632B-4D78-9272-C7AC72820D39}.Debug|Any CPU.Build.0 = Debug|Any CPU
		{D2522FB6-632B-4D78-9272-C7AC72820D39}.Release|Any CPU.ActiveCfg = Release|Any CPU
		{D2522FB6-632B-4D78-9272-C7AC72820D39}.Release|Any CPU.Build.0 = Release|Any CPU
		{9156F907-01FA-4AAF-846C-8F80FA6FC9C1}.Debug|Any CPU.ActiveCfg = Debug|Any CPU
		{9156F907-01FA-4AAF-846C-8F80FA6FC9C1}.Debug|Any CPU.Build.0 = Debug|Any CPU
		{9156F907-01FA-4AAF-846C-8F80FA6FC9C1}.Release|Any CPU.ActiveCfg = Release|Any CPU
		{9156F907-01FA-4AAF-846C-8F80FA6FC9C1}.Release|Any CPU.Build.0 = Release|Any CPU
		{AB65A757-0924-487C-AFC8-1C6DEBD4E6CE}.Debug|Any CPU.ActiveCfg = Debug|Any CPU
		{AB65A757-0924-487C-AFC8-1C6DEBD4E6CE}.Debug|Any CPU.Build.0 = Debug|Any CPU
		{AB65A757-0924-487C-AFC8-1C6DEBD4E6CE}.Release|Any CPU.ActiveCfg = Release|Any CPU
		{AB65A757-0924-487C-AFC8-1C6DEBD4E6CE}.Release|Any CPU.Build.0 = Release|Any CPU
		{02D18717-CE8B-4BDA-ACF9-CFDD9BBE8BD2}.Debug|Any CPU.ActiveCfg = Debug|Any CPU
		{02D18717-CE8B-4BDA-ACF9-CFDD9BBE8BD2}.Debug|Any CPU.Build.0 = Debug|Any CPU
		{02D18717-CE8B-4BDA-ACF9-CFDD9BBE8BD2}.Release|Any CPU.ActiveCfg = Release|Any CPU
		{02D18717-CE8B-4BDA-ACF9-CFDD9BBE8BD2}.Release|Any CPU.Build.0 = Release|Any CPU
		{2E55BBF4-F1C1-43D9-9A98-DC18555E2E68}.Debug|Any CPU.ActiveCfg = Debug|Any CPU
		{2E55BBF4-F1C1-43D9-9A98-DC18555E2E68}.Debug|Any CPU.Build.0 = Debug|Any CPU
		{2E55BBF4-F1C1-43D9-9A98-DC18555E2E68}.Release|Any CPU.ActiveCfg = Release|Any CPU
		{2E55BBF4-F1C1-43D9-9A98-DC18555E2E68}.Release|Any CPU.Build.0 = Release|Any CPU
		{2B28E3C9-6204-436E-B457-10346F33B1D6}.Debug|Any CPU.ActiveCfg = Debug|Any CPU
		{2B28E3C9-6204-436E-B457-10346F33B1D6}.Debug|Any CPU.Build.0 = Debug|Any CPU
		{2B28E3C9-6204-436E-B457-10346F33B1D6}.Release|Any CPU.ActiveCfg = Release|Any CPU
		{2B28E3C9-6204-436E-B457-10346F33B1D6}.Release|Any CPU.Build.0 = Release|Any CPU
		{527FAABE-579D-48C9-823A-0A89026B3DA0}.Debug|Any CPU.ActiveCfg = Debug|Any CPU
		{527FAABE-579D-48C9-823A-0A89026B3DA0}.Debug|Any CPU.Build.0 = Debug|Any CPU
		{527FAABE-579D-48C9-823A-0A89026B3DA0}.Release|Any CPU.ActiveCfg = Release|Any CPU
		{527FAABE-579D-48C9-823A-0A89026B3DA0}.Release|Any CPU.Build.0 = Release|Any CPU
		{342BCCC7-CACA-4FC5-A0C7-92720F8080A7}.Debug|Any CPU.ActiveCfg = Debug|Any CPU
		{342BCCC7-CACA-4FC5-A0C7-92720F8080A7}.Debug|Any CPU.Build.0 = Debug|Any CPU
		{342BCCC7-CACA-4FC5-A0C7-92720F8080A7}.Release|Any CPU.ActiveCfg = Release|Any CPU
		{342BCCC7-CACA-4FC5-A0C7-92720F8080A7}.Release|Any CPU.Build.0 = Release|Any CPU
		{C6F0D5BC-2572-4553-B5D3-1B0701311746}.Debug|Any CPU.ActiveCfg = Debug|Any CPU
		{C6F0D5BC-2572-4553-B5D3-1B0701311746}.Debug|Any CPU.Build.0 = Debug|Any CPU
		{C6F0D5BC-2572-4553-B5D3-1B0701311746}.Release|Any CPU.ActiveCfg = Release|Any CPU
		{C6F0D5BC-2572-4553-B5D3-1B0701311746}.Release|Any CPU.Build.0 = Release|Any CPU
	EndGlobalSection
	GlobalSection(SolutionProperties) = preSolution
		HideSolutionNode = FALSE
	EndGlobalSection
	GlobalSection(ExtensibilityGlobals) = postSolution
		SolutionGuid = {8F4BDE3E-FCAC-47CF-A0DE-0AB0B2E153FC}
	EndGlobalSection
EndGlobal
